
Microsoft Visual Studio Solution File, Format Version 12.00
# Visual Studio Version 16
VisualStudioVersion = 16.0.30204.135
MinimumVisualStudioVersion = 10.0.40219.1
Project("{FAE04EC0-301F-11D3-BF4B-00C04F79EFBC}") = "AspNetCoreMvcSearchingSortingPagination", "AspNetCoreMvcSearchingSortingPagination\AspNetCoreMvcSearchingSortingPagination.csproj", "{CC5FFFBA-F548-442A-A478-1B6FB86E3BFC}"
EndProject
Global
	GlobalSection(SolutionConfigurationPlatforms) = preSolution
		Debug|Any CPU = Debug|Any CPU
		Release|Any CPU = Release|Any CPU
	EndGlobalSection
	GlobalSection(ProjectConfigurationPlatforms) = postSolution
		{CC5FFFBA-F548-442A-A478-1B6FB86E3BFC}.Debug|Any CPU.ActiveCfg = Debug|Any CPU
		{CC5FFFBA-F548-442A-A478-1B6FB86E3BFC}.Debug|Any CPU.Build.0 = Debug|Any CPU
		{CC5FFFBA-F548-442A-A478-1B6FB86E3BFC}.Release|Any CPU.ActiveCfg = Release|Any CPU
		{CC5FFFBA-F548-442A-A478-1B6FB86E3BFC}.Release|Any CPU.Build.0 = Release|Any CPU
	EndGlobalSection
	GlobalSection(SolutionProperties) = preSolution
		HideSolutionNode = FALSE
	EndGlobalSection
	GlobalSection(ExtensibilityGlobals) = postSolution
		SolutionGuid = {E04899B6-E9E0-4B7F-B2A8-F2E08A329774}
	EndGlobalSection
EndGlobal
